// !$*UTF8*$!
{
	archiveVersion = 1;
	classes = {
	};
	objectVersion = 46;
	objects = {

/* Begin PBXGroup section */
		E22A88AC1A6CB53D0047A733 = {
			isa = PBXGroup;
			children = (
			);
			sourceTree = "<group>";
		};
/* End PBXGroup section */

/* Begin PBXProject section */
		E22A88AD1A6CB53D0047A733 /* Project object */ = {
			isa = PBXProject;
			attributes = {
				LastUpgradeCheck = 0610;
			};
			buildConfigurationList = E22A88B01A6CB53D0047A733 /* Build configuration list for PBXProject "RunAnyDoor" */;
			compatibilityVersion = "Xcode 3.2";
			developmentRegion = English;
			hasScannedForEncodings = 0;
			knownRegions = (
				en,
			);
			mainGroup = E22A88AC1A6CB53D0047A733;
			projectDirPath = "";
			projectRoot = "";
			targets = (
			);
		};
/* End PBXProject section */

/* Begin XCBuildConfiguration section */
		E22A88B11A6CB53D0047A733 /* Debug */ = {
			isa = XCBuildConfiguration;
			buildSettings = {
			};
			name = Debug;
		};
		E22A88B21A6CB53D0047A733 /* Release */ = {
			isa = XCBuildConfiguration;
			buildSettings = {
			};
			name = Release;
		};
/* End XCBuildConfiguration section */

/* Begin XCConfigurationList section */
		E22A88B01A6CB53D0047A733 /* Build configuration list for PBXProject "RunAnyDoor" */ = {
			isa = XCConfigurationList;
			buildConfigurations = (
				E22A88B11A6CB53D0047A733 /* Debug */,
				E22A88B21A6CB53D0047A733 /* Release */,
			);
			defaultConfigurationIsVisible = 0;
			defaultConfigurationName = Release;
		};
/* End XCConfigurationList section */
	};
	rootObject = E22A88AD1A6CB53D0047A733 /* Project object */;
}
